{
    "_meta": {
        "hash": {
            "sha256": "3269fc5da2d1431670f0bc64063f650bf44633e5de4aec31583fea0d4a789363"
        },
        "pipfile-spec": 6,
        "requires": {
            "python_version": "3.10"
        },
        "sources": [
            {
                "name": "pypi",
                "url": "https://pypi.org/simple",
                "verify_ssl": true
            }
        ]
    },
    "default": {
        "tabulate": {
            "hashes": [
                "sha256:0ba055423dbaa164b9e456abe7920c5e8ed33fcc16f6d1b2f2d152c8e1e8b4fc",
                "sha256:436f1c768b424654fce8597290d2764def1eea6a77cfa5c33be00b1bc0f4f63d",
                "sha256:6c57f3f3dd7ac2782770155f3adb2db0b1a269637e42f27599925e64b114f519"
            ],
            "index": "pypi",
            "version": "==0.8.10"
        }
    },
    "develop": {}
}
